// !$*UTF8*$!
{
	archiveVersion = 1;
	classes = {
	};
	objectVersion = 48;
	objects = {

/* Begin PBXBuildFile section */
		167EAD361FFEC6A1008C224A /* AppDelegate.swift in Sources */ = {isa = PBXBuildFile; fileRef = 167EAD351FFEC6A1008C224A /* AppDelegate.swift */; };
		167EAD381FFEC6A1008C224A /* TodoListViewController.swift in Sources */ = {isa = PBXBuildFile; fileRef = 167EAD371FFEC6A1008C224A /* TodoListViewController.swift */; };
		167EAD3B1FFEC6A1008C224A /* Main.storyboard in Resources */ = {isa = PBXBuildFile; fileRef = 167EAD391FFEC6A1008C224A /* Main.storyboard */; };
		167EAD3D1FFEC6A1008C224A /* Assets.xcassets in Resources */ = {isa = PBXBuildFile; fileRef = 167EAD3C1FFEC6A1008C224A /* Assets.xcassets */; };
		167EAD401FFEC6A1008C224A /* LaunchScreen.storyboard in Resources */ = {isa = PBXBuildFile; fileRef = 167EAD3E1FFEC6A1008C224A /* LaunchScreen.storyboard */; };
		1699434F2005D3A8005FB40E /* SwipeTableViewController.swift in Sources */ = {isa = PBXBuildFile; fileRef = 1699434E2005D3A8005FB40E /* SwipeTableViewController.swift */; };
		16A859F5200002F200594822 /* CategoryViewController.swift in Sources */ = {isa = PBXBuildFile; fileRef = 16A859F4200002F200594822 /* CategoryViewController.swift */; };
		16A859F92000284D00594822 /* Item.swift in Sources */ = {isa = PBXBuildFile; fileRef = 16A859F82000284D00594822 /* Item.swift */; };
		16A859FB2000289400594822 /* Category.swift in Sources */ = {isa = PBXBuildFile; fileRef = 16A859FA2000289400594822 /* Category.swift */; };
		2B376B5FC4145838E581B26D /* Pods_ToDo.framework in Frameworks */ = {isa = PBXBuildFile; fileRef = 500A195B1BA6AF9CD1B1AD6D /* Pods_ToDo.framework */; };
/* End PBXBuildFile section */

/* Begin PBXFileReference section */
		167EAD321FFEC6A1008C224A /* ToDo.app */ = {isa = PBXFileReference; explicitFileType = wrapper.application; includeInIndex = 0; path = ToDo.app; sourceTree = BUILT_PRODUCTS_DIR; };
		167EAD351FFEC6A1008C224A /* AppDelegate.swift */ = {isa = PBXFileReference; lastKnownFileType = sourcecode.swift; path = AppDelegate.swift; sourceTree = "<group>"; };
		167EAD371FFEC6A1008C224A /* TodoListViewController.swift */ = {isa = PBXFileReference; lastKnownFileType = sourcecode.swift; path = TodoListViewController.swift; sourceTree = "<group>"; };
		167EAD3A1FFEC6A1008C224A /* Base */ = {isa = PBXFileReference; lastKnownFileType = file.storyboard; name = Base; path = Base.lproj/Main.storyboard; sourceTree = "<group>"; };
		167EAD3C1FFEC6A1008C224A /* Assets.xcassets */ = {isa = PBXFileReference; lastKnownFileType = folder.assetcatalog; path = Assets.xcassets; sourceTree = "<group>"; };
		167EAD3F1FFEC6A1008C224A /* Base */ = {isa = PBXFileReference; lastKnownFileType = file.storyboard; name = Base; path = Base.lproj/LaunchScreen.storyboard; sourceTree = "<group>"; };
		167EAD411FFEC6A1008C224A /* Info.plist */ = {isa = PBXFileReference; lastKnownFileType = text.plist.xml; path = Info.plist; sourceTree = "<group>"; };
		1699434E2005D3A8005FB40E /* SwipeTableViewController.swift */ = {isa = PBXFileReference; lastKnownFileType = sourcecode.swift; path = SwipeTableViewController.swift; sourceTree = "<group>"; };
		16A859F4200002F200594822 /* CategoryViewController.swift */ = {isa = PBXFileReference; lastKnownFileType = sourcecode.swift; path = CategoryViewController.swift; sourceTree = "<group>"; };
		16A859F82000284D00594822 /* Item.swift */ = {isa = PBXFileReference; lastKnownFileType = sourcecode.swift; path = Item.swift; sourceTree = "<group>"; };
		16A859FA2000289400594822 /* Category.swift */ = {isa = PBXFileReference; lastKnownFileType = sourcecode.swift; path = Category.swift; sourceTree = "<group>"; };
		38E775A44C72F86D402897E0 /* Pods-ToDo.debug.xcconfig */ = {isa = PBXFileReference; includeInIndex = 1; lastKnownFileType = text.xcconfig; name = "Pods-ToDo.debug.xcconfig"; path = "Pods/Target Support Files/Pods-ToDo/Pods-ToDo.debug.xcconfig"; sourceTree = "<group>"; };
		500A195B1BA6AF9CD1B1AD6D /* Pods_ToDo.framework */ = {isa = PBXFileReference; explicitFileType = wrapper.framework; includeInIndex = 0; path = Pods_ToDo.framework; sourceTree = BUILT_PRODUCTS_DIR; };
		E02AA7E860D45ECC9E07414F /* Pods-ToDo.release.xcconfig */ = {isa = PBXFileReference; includeInIndex = 1; lastKnownFileType = text.xcconfig; name = "Pods-ToDo.release.xcconfig"; path = "Pods/Target Support Files/Pods-ToDo/Pods-ToDo.release.xcconfig"; sourceTree = "<group>"; };
/* End PBXFileReference section */

/* Begin PBXFrameworksBuildPhase section */
		167EAD2F1FFEC6A1008C224A /* Frameworks */ = {
			isa = PBXFrameworksBuildPhase;
			buildActionMask = 2147483647;
			files = (
				2B376B5FC4145838E581B26D /* Pods_ToDo.framework in Frameworks */,
			);
			runOnlyForDeploymentPostprocessing = 0;
		};
/* End PBXFrameworksBuildPhase section */

/* Begin PBXGroup section */
		090F375139791097BF364863 /* Pods */ = {
			isa = PBXGroup;
			children = (
				38E775A44C72F86D402897E0 /* Pods-ToDo.debug.xcconfig */,
				E02AA7E860D45ECC9E07414F /* Pods-ToDo.release.xcconfig */,
			);
			name = Pods;
			sourceTree = "<group>";
		};
		162BC8291FFFE24100F2786A /* Controllers */ = {
			isa = PBXGroup;
			children = (
				167EAD371FFEC6A1008C224A /* TodoListViewController.swift */,
				16A859F4200002F200594822 /* CategoryViewController.swift */,
				1699434E2005D3A8005FB40E /* SwipeTableViewController.swift */,
			);
			path = Controllers;
			sourceTree = "<group>";
		};
		162BC82A1FFFE24C00F2786A /* Data Model */ = {
			isa = PBXGroup;
			children = (
				16A859F82000284D00594822 /* Item.swift */,
				16A859FA2000289400594822 /* Category.swift */,
			);
			path = "Data Model";
			sourceTree = "<group>";
		};
		162BC82B1FFFE25900F2786A /* Views */ = {
			isa = PBXGroup;
			children = (
				167EAD391FFEC6A1008C224A /* Main.storyboard */,
			);
			path = Views;
			sourceTree = "<group>";
		};
		162BC82C1FFFE26E00F2786A /* Supporting Files */ = {
			isa = PBXGroup;
			children = (
				167EAD3C1FFEC6A1008C224A /* Assets.xcassets */,
				167EAD3E1FFEC6A1008C224A /* LaunchScreen.storyboard */,
			);
			path = "Supporting Files";
			sourceTree = "<group>";
		};
		167EAD291FFEC6A1008C224A = {
			isa = PBXGroup;
			children = (
				167EAD341FFEC6A1008C224A /* ToDo */,
				167EAD331FFEC6A1008C224A /* Products */,
				090F375139791097BF364863 /* Pods */,
				D600D6E55A9EB17E60885550 /* Frameworks */,
			);
			sourceTree = "<group>";
		};
		167EAD331FFEC6A1008C224A /* Products */ = {
			isa = PBXGroup;
			children = (
				167EAD321FFEC6A1008C224A /* ToDo.app */,
			);
			name = Products;
			sourceTree = "<group>";
		};
		167EAD341FFEC6A1008C224A /* ToDo */ = {
			isa = PBXGroup;
			children = (
				167EAD351FFEC6A1008C224A /* AppDelegate.swift */,
				162BC82B1FFFE25900F2786A /* Views */,
				162BC82A1FFFE24C00F2786A /* Data Model */,
				162BC8291FFFE24100F2786A /* Controllers */,
				162BC82C1FFFE26E00F2786A /* Supporting Files */,
				167EAD411FFEC6A1008C224A /* Info.plist */,
			);
			path = ToDo;
			sourceTree = "<group>";
		};
		D600D6E55A9EB17E60885550 /* Frameworks */ = {
			isa = PBXGroup;
			children = (
				500A195B1BA6AF9CD1B1AD6D /* Pods_ToDo.framework */,
			);
			name = Frameworks;
			sourceTree = "<group>";
		};
/* End PBXGroup section */

/* Begin PBXNativeTarget section */
		167EAD311FFEC6A1008C224A /* ToDo */ = {
			isa = PBXNativeTarget;
			buildConfigurationList = 167EAD441FFEC6A1008C224A /* Build configuration list for PBXNativeTarget "ToDo" */;
			buildPhases = (
				348BAFF2D5DBE708EE98BA53 /* [CP] Check Pods Manifest.lock */,
				167EAD2E1FFEC6A1008C224A /* Sources */,
				167EAD2F1FFEC6A1008C224A /* Frameworks */,
				167EAD301FFEC6A1008C224A /* Resources */,
				CFC5DA2C3C6F83BA8876C734 /* [CP] Embed Pods Frameworks */,
				16DF1D4F38800B2DE040DBE6 /* [CP] Copy Pods Resources */,
			);
			buildRules = (
			);
			dependencies = (
			);
			name = ToDo;
			productName = ToDo;
			productReference = 167EAD321FFEC6A1008C224A /* ToDo.app */;
			productType = "com.apple.product-type.application";
		};
/* End PBXNativeTarget section */

/* Begin PBXProject section */
		167EAD2A1FFEC6A1008C224A /* Project object */ = {
			isa = PBXProject;
			attributes = {
				LastSwiftUpdateCheck = 0920;
				LastUpgradeCheck = 0920;
				ORGANIZATIONNAME = "Nhu Luong";
				TargetAttributes = {
					167EAD311FFEC6A1008C224A = {
						CreatedOnToolsVersion = 9.2;
						ProvisioningStyle = Automatic;
					};
				};
			};
			buildConfigurationList = 167EAD2D1FFEC6A1008C224A /* Build configuration list for PBXProject "ToDo" */;
			compatibilityVersion = "Xcode 8.0";
			developmentRegion = en;
			hasScannedForEncodings = 0;
			knownRegions = (
				en,
				Base,
			);
			mainGroup = 167EAD291FFEC6A1008C224A;
			productRefGroup = 167EAD331FFEC6A1008C224A /* Products */;
			projectDirPath = "";
			projectRoot = "";
			targets = (
				167EAD311FFEC6A1008C224A /* ToDo */,
			);
		};
/* End PBXProject section */

/* Begin PBXResourcesBuildPhase section */
		167EAD301FFEC6A1008C224A /* Resources */ = {
			isa = PBXResourcesBuildPhase;
			buildActionMask = 2147483647;
			files = (
				167EAD401FFEC6A1008C224A /* LaunchScreen.storyboard in Resources */,
				167EAD3D1FFEC6A1008C224A /* Assets.xcassets in Resources */,
				167EAD3B1FFEC6A1008C224A /* Main.storyboard in Resources */,
			);
			runOnlyForDeploymentPostprocessing = 0;
		};
/* End PBXResourcesBuildPhase section */

/* Begin PBXShellScriptBuildPhase section */
		16DF1D4F38800B2DE040DBE6 /* [CP] Copy Pods Resources */ = {
			isa = PBXShellScriptBuildPhase;
			buildActionMask = 2147483647;
			files = (
			);
			inputPaths = (
			);
			name = "[CP] Copy Pods Resources";
			outputPaths = (
			);
			runOnlyForDeploymentPostprocessing = 0;
			shellPath = /bin/sh;
			shellScript = "\"${SRCROOT}/Pods/Target Support Files/Pods-ToDo/Pods-ToDo-resources.sh\"\n";
			showEnvVarsInLog = 0;
		};
		348BAFF2D5DBE708EE98BA53 /* [CP] Check Pods Manifest.lock */ = {
			isa = PBXShellScriptBuildPhase;
			buildActionMask = 2147483647;
			files = (
			);
			inputPaths = (
				"${PODS_PODFILE_DIR_PATH}/Podfile.lock",
				"${PODS_ROOT}/Manifest.lock",
			);
			name = "[CP] Check Pods Manifest.lock";
			outputPaths = (
				"$(DERIVED_FILE_DIR)/Pods-ToDo-checkManifestLockResult.txt",
			);
			runOnlyForDeploymentPostprocessing = 0;
			shellPath = /bin/sh;
			shellScript = "diff \"${PODS_PODFILE_DIR_PATH}/Podfile.lock\" \"${PODS_ROOT}/Manifest.lock\" > /dev/null\nif [ $? != 0 ] ; then\n    # print error to STDERR\n    echo \"error: The sandbox is not in sync with the Podfile.lock. Run 'pod install' or update your CocoaPods installation.\" >&2\n    exit 1\nfi\n# This output is used by Xcode 'outputs' to avoid re-running this script phase.\necho \"SUCCESS\" > \"${SCRIPT_OUTPUT_FILE_0}\"\n";
			showEnvVarsInLog = 0;
		};
		CFC5DA2C3C6F83BA8876C734 /* [CP] Embed Pods Frameworks */ = {
			isa = PBXShellScriptBuildPhase;
			buildActionMask = 2147483647;
			files = (
			);
			inputPaths = (
				"${SRCROOT}/Pods/Target Support Files/Pods-ToDo/Pods-ToDo-frameworks.sh",
				"${BUILT_PRODUCTS_DIR}/Realm/Realm.framework",
				"${BUILT_PRODUCTS_DIR}/RealmSwift/RealmSwift.framework",
				"${BUILT_PRODUCTS_DIR}/SwipeCellKit/SwipeCellKit.framework",
			);
			name = "[CP] Embed Pods Frameworks";
			outputPaths = (
				"${TARGET_BUILD_DIR}/${FRAMEWORKS_FOLDER_PATH}/Realm.framework",
				"${TARGET_BUILD_DIR}/${FRAMEWORKS_FOLDER_PATH}/RealmSwift.framework",
				"${TARGET_BUILD_DIR}/${FRAMEWORKS_FOLDER_PATH}/SwipeCellKit.framework",
			);
			runOnlyForDeploymentPostprocessing = 0;
			shellPath = /bin/sh;
			shellScript = "\"${SRCROOT}/Pods/Target Support Files/Pods-ToDo/Pods-ToDo-frameworks.sh\"\n";
			showEnvVarsInLog = 0;
		};
/* End PBXShellScriptBuildPhase section */

/* Begin PBXSourcesBuildPhase section */
		167EAD2E1FFEC6A1008C224A /* Sources */ = {
			isa = PBXSourcesBuildPhase;
			buildActionMask = 2147483647;
			files = (
				16A859F92000284D00594822 /* Item.swift in Sources */,
				16A859FB2000289400594822 /* Category.swift in Sources */,
				167EAD381FFEC6A1008C224A /* TodoListViewController.swift in Sources */,
				16A859F5200002F200594822 /* CategoryViewController.swift in Sources */,
				1699434F2005D3A8005FB40E /* SwipeTableViewController.swift in Sources */,
				167EAD361FFEC6A1008C224A /* AppDelegate.swift in Sources */,
			);
			runOnlyForDeploymentPostprocessing = 0;
		};
/* End PBXSourcesBuildPhase section */

/* Begin PBXVariantGroup section */
		167EAD391FFEC6A1008C224A /* Main.storyboard */ = {
			isa = PBXVariantGroup;
			children = (
				167EAD3A1FFEC6A1008C224A /* Base */,
			);
			name = Main.storyboard;
			sourceTree = "<group>";
		};
		167EAD3E1FFEC6A1008C224A /* LaunchScreen.storyboard */ = {
			isa = PBXVariantGroup;
			children = (
				167EAD3F1FFEC6A1008C224A /* Base */,
			);
			name = LaunchScreen.storyboard;
			sourceTree = "<group>";
		};
/* End PBXVariantGroup section */

/* Begin XCBuildConfiguration section */
		167EAD421FFEC6A1008C224A /* Debug */ = {
			isa = XCBuildConfiguration;
			buildSettings = {
				ALWAYS_SEARCH_USER_PATHS = NO;
				CLANG_ANALYZER_NONNULL = YES;
				CLANG_ANALYZER_NUMBER_OBJECT_CONVERSION = YES_AGGRESSIVE;
				CLANG_CXX_LANGUAGE_STANDARD = "gnu++14";
				CLANG_CXX_LIBRARY = "libc++";
				CLANG_ENABLE_MODULES = YES;
				CLANG_ENABLE_OBJC_ARC = YES;
				CLANG_WARN_BLOCK_CAPTURE_AUTORELEASING = YES;
				CLANG_WARN_BOOL_CONVERSION = YES;
				CLANG_WARN_COMMA = YES;
				CLANG_WARN_CONSTANT_CONVERSION = YES;
				CLANG_WARN_DIRECT_OBJC_ISA_USAGE = YES_ERROR;
				CLANG_WARN_DOCUMENTATION_COMMENTS = YES;
				CLANG_WARN_EMPTY_BODY = YES;
				CLANG_WARN_ENUM_CONVERSION = YES;
				CLANG_WARN_INFINITE_RECURSION = YES;
				CLANG_WARN_INT_CONVERSION = YES;
				CLANG_WARN_NON_LITERAL_NULL_CONVERSION = YES;
				CLANG_WARN_OBJC_LITERAL_CONVERSION = YES;
				CLANG_WARN_OBJC_ROOT_CLASS = YES_ERROR;
				CLANG_WARN_RANGE_LOOP_ANALYSIS = YES;
				CLANG_WARN_STRICT_PROTOTYPES = YES;
				CLANG_WARN_SUSPICIOUS_MOVE = YES;
				CLANG_WARN_UNGUARDED_AVAILABILITY = YES_AGGRESSIVE;
				CLANG_WARN_UNREACHABLE_CODE = YES;
				CLANG_WARN__DUPLICATE_METHOD_MATCH = YES;
				CODE_SIGN_IDENTITY = "iPhone Developer";
				COPY_PHASE_STRIP = NO;
				DEBUG_INFORMATION_FORMAT = dwarf;
				ENABLE_STRICT_OBJC_MSGSEND = YES;
				ENABLE_TESTABILITY = YES;
				GCC_C_LANGUAGE_STANDARD = gnu11;
				GCC_DYNAMIC_NO_PIC = NO;
				GCC_NO_COMMON_BLOCKS = YES;
				GCC_OPTIMIZATION_LEVEL = 0;
				GCC_PREPROCESSOR_DEFINITIONS = (
					"DEBUG=1",
					"$(inherited)",
				);
				GCC_WARN_64_TO_32_BIT_CONVERSION = YES;
				GCC_WARN_ABOUT_RETURN_TYPE = YES_ERROR;
				GCC_WARN_UNDECLARED_SELECTOR = YES;
				GCC_WARN_UNINITIALIZED_AUTOS = YES_AGGRESSIVE;
				GCC_WARN_UNUSED_FUNCTION = YES;
				GCC_WARN_UNUSED_VARIABLE = YES;
				IPHONEOS_DEPLOYMENT_TARGET = 11.2;
				MTL_ENABLE_DEBUG_INFO = YES;
				ONLY_ACTIVE_ARCH = YES;
				SDKROOT = iphoneos;
				SWIFT_ACTIVE_COMPILATION_CONDITIONS = DEBUG;
				SWIFT_OPTIMIZATION_LEVEL = "-Onone";
			};
			name = Debug;
		};
		167EAD431FFEC6A1008C224A /* Release */ = {
			isa = XCBuildConfiguration;
			buildSettings = {
				ALWAYS_SEARCH_USER_PATHS = NO;
				CLANG_ANALYZER_NONNULL = YES;
				CLANG_ANALYZER_NUMBER_OBJECT_CONVERSION = YES_AGGRESSIVE;
				CLANG_CXX_LANGUAGE_STANDARD = "gnu++14";
				CLANG_CXX_LIBRARY = "libc++";
				CLANG_ENABLE_MODULES = YES;
				CLANG_ENABLE_OBJC_ARC = YES;
				CLANG_WARN_BLOCK_CAPTURE_AUTORELEASING = YES;
				CLANG_WARN_BOOL_CONVERSION = YES;
				CLANG_WARN_COMMA = YES;
				CLANG_WARN_CONSTANT_CONVERSION = YES;
				CLANG_WARN_DIRECT_OBJC_ISA_USAGE = YES_ERROR;
				CLANG_WARN_DOCUMENTATION_COMMENTS = YES;
				CLANG_WARN_EMPTY_BODY = YES;
				CLANG_WARN_ENUM_CONVERSION = YES;
				CLANG_WARN_INFINITE_RECURSION = YES;
				CLANG_WARN_INT_CONVERSION = YES;
				CLANG_WARN_NON_LITERAL_NULL_CONVERSION = YES;
				CLANG_WARN_OBJC_LITERAL_CONVERSION = YES;
				CLANG_WARN_OBJC_ROOT_CLASS = YES_ERROR;
				CLANG_WARN_RANGE_LOOP_ANALYSIS = YES;
				CLANG_WARN_STRICT_PROTOTYPES = YES;
				CLANG_WARN_SUSPICIOUS_MOVE = YES;
				CLANG_WARN_UNGUARDED_AVAILABILITY = YES_AGGRESSIVE;
				CLANG_WARN_UNREACHABLE_CODE = YES;
				CLANG_WARN__DUPLICATE_METHOD_MATCH = YES;
				CODE_SIGN_IDENTITY = "iPhone Developer";
				COPY_PHASE_STRIP = NO;
				DEBUG_INFORMATION_FORMAT = "dwarf-with-dsym";
				ENABLE_NS_ASSERTIONS = NO;
				ENABLE_STRICT_OBJC_MSGSEND = YES;
				GCC_C_LANGUAGE_STANDARD = gnu11;
				GCC_NO_COMMON_BLOCKS = YES;
				GCC_WARN_64_TO_32_BIT_CONVERSION = YES;
				GCC_WARN_ABOUT_RETURN_TYPE = YES_ERROR;
				GCC_WARN_UNDECLARED_SELECTOR = YES;
				GCC_WARN_UNINITIALIZED_AUTOS = YES_AGGRESSIVE;
				GCC_WARN_UNUSED_FUNCTION = YES;
				GCC_WARN_UNUSED_VARIABLE = YES;
				IPHONEOS_DEPLOYMENT_TARGET = 11.2;
				MTL_ENABLE_DEBUG_INFO = NO;
				SDKROOT = iphoneos;
				SWIFT_OPTIMIZATION_LEVEL = "-Owholemodule";
				VALIDATE_PRODUCT = YES;
			};
			name = Release;
		};
		167EAD451FFEC6A1008C224A /* Debug */ = {
			isa = XCBuildConfiguration;
			baseConfigurationReference = 38E775A44C72F86D402897E0 /* Pods-ToDo.debug.xcconfig */;
			buildSettings = {
				ASSETCATALOG_COMPILER_APPICON_NAME = AppIcon;
				CODE_SIGN_STYLE = Automatic;
				DEVELOPMENT_TEAM = Q3YR4EQA74;
				INFOPLIST_FILE = ToDo/Info.plist;
				LD_RUNPATH_SEARCH_PATHS = "$(inherited) @executable_path/Frameworks";
				PRODUCT_BUNDLE_IDENTIFIER = "Nhu-Luong.ToDo";
				PRODUCT_NAME = "$(TARGET_NAME)";
				SWIFT_VERSION = 4.0;
				TARGETED_DEVICE_FAMILY = "1,2";
			};
			name = Debug;
		};
		167EAD461FFEC6A1008C224A /* Release */ = {
			isa = XCBuildConfiguration;
			baseConfigurationReference = E02AA7E860D45ECC9E07414F /* Pods-ToDo.release.xcconfig */;
			buildSettings = {
				ASSETCATALOG_COMPILER_APPICON_NAME = AppIcon;
				CODE_SIGN_STYLE = Automatic;
				DEVELOPMENT_TEAM = Q3YR4EQA74;
				INFOPLIST_FILE = ToDo/Info.plist;
				LD_RUNPATH_SEARCH_PATHS = "$(inherited) @executable_path/Frameworks";
				PRODUCT_BUNDLE_IDENTIFIER = "Nhu-Luong.ToDo";
				PRODUCT_NAME = "$(TARGET_NAME)";
				SWIFT_VERSION = 4.0;
				TARGETED_DEVICE_FAMILY = "1,2";
			};
			name = Release;
		};
/* End XCBuildConfiguration section */

/* Begin XCConfigurationList section */
		167EAD2D1FFEC6A1008C224A /* Build configuration list for PBXProject "ToDo" */ = {
			isa = XCConfigurationList;
			buildConfigurations = (
				167EAD421FFEC6A1008C224A /* Debug */,
				167EAD431FFEC6A1008C224A /* Release */,
			);
			defaultConfigurationIsVisible = 0;
			defaultConfigurationName = Release;
		};
		167EAD441FFEC6A1008C224A /* Build configuration list for PBXNativeTarget "ToDo" */ = {
			isa = XCConfigurationList;
			buildConfigurations = (
				167EAD451FFEC6A1008C224A /* Debug */,
				167EAD461FFEC6A1008C224A /* Release */,
			);
			defaultConfigurationIsVisible = 0;
			defaultConfigurationName = Release;
		};
/* End XCConfigurationList section */
	};
	rootObject = 167EAD2A1FFEC6A1008C224A /* Project object */;
}
